{
  "object": {
    "pins": [
      {
        "package": "AlertKit",
        "repositoryURL": "https://github.com/rebeloper/AlertKit.git",
        "state": {
          "branch": null,
          "revision": "be3d9f6ca6ff5962057634795c9335b14b16ebdc",
          "version": "0.2.0"
        }
      },
      {
        "package": "facebook-ios-sdk",
        "repositoryURL": "https://github.com/facebook/facebook-ios-sdk",
        "state": {
          "branch": null,
          "revision": "c3d367656ae8ced1149c2c6a5e6b5dd91ecad63c",
          "version": "9.3.0"
        }
      },
      {
        "package": "SwiftUI-Introspect",
        "repositoryURL": "https://github.com/siteline/SwiftUI-Introspect.git",
        "state": {
          "branch": null,
          "revision": "2e09be8af614401bc9f87d40093ec19ce56ccaf2",
          "version": "0.1.3"
        }
      }
    ]
  },
  "version": 1
}
